
Microsoft Visual Studio Solution File, Format Version 12.00
# Visual Studio Version 17
VisualStudioVersion = 17.14.36518.9
MinimumVisualStudioVersion = 10.0.40219.1
Project("{8BC9CEB8-8B4A-11D0-8D11-00A0C91BC942}") = "UNO", "UNO.vcxproj", "{FF9D616E-B85C-4D3B-B419-1261A5230B4D}"
EndProject
Project("{8BC9CEB8-8B4A-11D0-8D11-00A0C91BC942}") = "test uno", "..\test uno\test uno.vcxproj", "{DEBFD554-0A3D-1DE4-1BB3-1CE1CA1581C0}"
EndProject
Global
	GlobalSection(SolutionConfigurationPlatforms) = preSolution
		Debug|x64 = Debug|x64
		Debug|x86 = Debug|x86
		Release|x64 = Release|x64
		Release|x86 = Release|x86
	EndGlobalSection
	GlobalSection(ProjectConfigurationPlatforms) = postSolution
		{FF9D616E-B85C-4D3B-B419-1261A5230B4D}.Debug|x64.ActiveCfg = Debug|x64
		{FF9D616E-B85C-4D3B-B419-1261A5230B4D}.Debug|x64.Build.0 = Debug|x64
		{FF9D616E-B85C-4D3B-B419-1261A5230B4D}.Debug|x86.ActiveCfg = Debug|Win32
		{FF9D616E-B85C-4D3B-B419-1261A5230B4D}.Debug|x86.Build.0 = Debug|Win32
		{FF9D616E-B85C-4D3B-B419-1261A5230B4D}.Release|x64.ActiveCfg = Release|x64
		{FF9D616E-B85C-4D3B-B419-1261A5230B4D}.Release|x64.Build.0 = Release|x64
		{FF9D616E-B85C-4D3B-B419-1261A5230B4D}.Release|x86.ActiveCfg = Release|Win32
		{FF9D616E-B85C-4D3B-B419-1261A5230B4D}.Release|x86.Build.0 = Release|Win32
		{DEBFD554-0A3D-1DE4-1BB3-1CE1CA1581C0}.Debug|x64.ActiveCfg = Debug|x64
		{DEBFD554-0A3D-1DE4-1BB3-1CE1CA1581C0}.Debug|x64.Build.0 = Debug|x64
		{DEBFD554-0A3D-1DE4-1BB3-1CE1CA1581C0}.Debug|x86.ActiveCfg = Debug|Win32
		{DEBFD554-0A3D-1DE4-1BB3-1CE1CA1581C0}.Debug|x86.Build.0 = Debug|Win32
		{DEBFD554-0A3D-1DE4-1BB3-1CE1CA1581C0}.Release|x64.ActiveCfg = Release|x64
		{DEBFD554-0A3D-1DE4-1BB3-1CE1CA1581C0}.Release|x64.Build.0 = Release|x64
		{DEBFD554-0A3D-1DE4-1BB3-1CE1CA1581C0}.Release|x86.ActiveCfg = Release|Win32
		{DEBFD554-0A3D-1DE4-1BB3-1CE1CA1581C0}.Release|x86.Build.0 = Release|Win32
	EndGlobalSection
	GlobalSection(SolutionProperties) = preSolution
		HideSolutionNode = FALSE
	EndGlobalSection
	GlobalSection(ExtensibilityGlobals) = postSolution
		SolutionGuid = {C957B696-1FE9-4D22-9ED2-10D25432A56B}
	EndGlobalSection
EndGlobal
